// !$*UTF8*$!
{
	archiveVersion = 1;
	classes = {
	};
	objectVersion = 50;
	objects = {

/* Begin PBXBuildFile section */
		3E09310E2143690A00C24B5A /* AppDelegate.swift in Sources */ = {isa = PBXBuildFile; fileRef = 3E09310D2143690A00C24B5A /* AppDelegate.swift */; };
		3E0931132143690A00C24B5A /* Main.storyboard in Resources */ = {isa = PBXBuildFile; fileRef = 3E0931112143690A00C24B5A /* Main.storyboard */; };
		3E0931162143690A00C24B5A /* Mart.xcdatamodeld in Sources */ = {isa = PBXBuildFile; fileRef = 3E0931142143690A00C24B5A /* Mart.xcdatamodeld */; };
		3E0931182143690B00C24B5A /* Assets.xcassets in Resources */ = {isa = PBXBuildFile; fileRef = 3E0931172143690B00C24B5A /* Assets.xcassets */; };
		3E09311B2143690B00C24B5A /* LaunchScreen.storyboard in Resources */ = {isa = PBXBuildFile; fileRef = 3E0931192143690B00C24B5A /* LaunchScreen.storyboard */; };
		3E0931262143690C00C24B5A /* MartTests.swift in Sources */ = {isa = PBXBuildFile; fileRef = 3E0931252143690C00C24B5A /* MartTests.swift */; };
		3E093131214369D200C24B5A /* CollectionCollectionViewController.swift in Sources */ = {isa = PBXBuildFile; fileRef = 3E093130214369D200C24B5A /* CollectionCollectionViewController.swift */; };
		3E0931332143772300C24B5A /* ItemDisplayCell.swift in Sources */ = {isa = PBXBuildFile; fileRef = 3E0931322143772300C24B5A /* ItemDisplayCell.swift */; };
		3E09313821437AF700C24B5A /* ProductModel.swift in Sources */ = {isa = PBXBuildFile; fileRef = 3E09313721437AF700C24B5A /* ProductModel.swift */; };
		3E09313A21437B5B00C24B5A /* APIHandler.swift in Sources */ = {isa = PBXBuildFile; fileRef = 3E09313921437B5B00C24B5A /* APIHandler.swift */; };
		3EF7C95E2143DD8A002CFD1B /* ItemDetailsViewController.swift in Sources */ = {isa = PBXBuildFile; fileRef = 3EF7C95D2143DD8A002CFD1B /* ItemDetailsViewController.swift */; };
		CF4083D55A0946CEACAC032D /* Pods_Mart.framework in Frameworks */ = {isa = PBXBuildFile; fileRef = 4CF7A3202ADAE546B6F4F9CC /* Pods_Mart.framework */; };
/* End PBXBuildFile section */

/* Begin PBXContainerItemProxy section */
		3E0931222143690C00C24B5A /* PBXContainerItemProxy */ = {
			isa = PBXContainerItemProxy;
			containerPortal = 3E0931022143690A00C24B5A /* Project object */;
			proxyType = 1;
			remoteGlobalIDString = 3E0931092143690A00C24B5A;
			remoteInfo = Mart;
		};
/* End PBXContainerItemProxy section */

/* Begin PBXFileReference section */
		3E09310A2143690A00C24B5A /* Mart.app */ = {isa = PBXFileReference; explicitFileType = wrapper.application; includeInIndex = 0; path = Mart.app; sourceTree = BUILT_PRODUCTS_DIR; };
		3E09310D2143690A00C24B5A /* AppDelegate.swift */ = {isa = PBXFileReference; lastKnownFileType = sourcecode.swift; path = AppDelegate.swift; sourceTree = "<group>"; };
		3E0931122143690A00C24B5A /* Base */ = {isa = PBXFileReference; lastKnownFileType = file.storyboard; name = Base; path = Base.lproj/Main.storyboard; sourceTree = "<group>"; };
		3E0931152143690A00C24B5A /* Mart.xcdatamodel */ = {isa = PBXFileReference; lastKnownFileType = wrapper.xcdatamodel; path = Mart.xcdatamodel; sourceTree = "<group>"; };
		3E0931172143690B00C24B5A /* Assets.xcassets */ = {isa = PBXFileReference; lastKnownFileType = folder.assetcatalog; path = Assets.xcassets; sourceTree = "<group>"; };
		3E09311A2143690B00C24B5A /* Base */ = {isa = PBXFileReference; lastKnownFileType = file.storyboard; name = Base; path = Base.lproj/LaunchScreen.storyboard; sourceTree = "<group>"; };
		3E09311C2143690B00C24B5A /* Info.plist */ = {isa = PBXFileReference; lastKnownFileType = text.plist.xml; path = Info.plist; sourceTree = "<group>"; };
		3E0931212143690C00C24B5A /* MartTests.xctest */ = {isa = PBXFileReference; explicitFileType = wrapper.cfbundle; includeInIndex = 0; path = MartTests.xctest; sourceTree = BUILT_PRODUCTS_DIR; };
		3E0931252143690C00C24B5A /* MartTests.swift */ = {isa = PBXFileReference; lastKnownFileType = sourcecode.swift; path = MartTests.swift; sourceTree = "<group>"; };
		3E0931272143690C00C24B5A /* Info.plist */ = {isa = PBXFileReference; lastKnownFileType = text.plist.xml; path = Info.plist; sourceTree = "<group>"; };
		3E093130214369D200C24B5A /* CollectionCollectionViewController.swift */ = {isa = PBXFileReference; lastKnownFileType = sourcecode.swift; path = CollectionCollectionViewController.swift; sourceTree = "<group>"; };
		3E0931322143772300C24B5A /* ItemDisplayCell.swift */ = {isa = PBXFileReference; lastKnownFileType = sourcecode.swift; path = ItemDisplayCell.swift; sourceTree = "<group>"; };
		3E09313721437AF700C24B5A /* ProductModel.swift */ = {isa = PBXFileReference; lastKnownFileType = sourcecode.swift; path = ProductModel.swift; sourceTree = "<group>"; };
		3E09313921437B5B00C24B5A /* APIHandler.swift */ = {isa = PBXFileReference; lastKnownFileType = sourcecode.swift; path = APIHandler.swift; sourceTree = "<group>"; };
		3EF7C95D2143DD8A002CFD1B /* ItemDetailsViewController.swift */ = {isa = PBXFileReference; lastKnownFileType = sourcecode.swift; path = ItemDetailsViewController.swift; sourceTree = "<group>"; };
		4CF7A3202ADAE546B6F4F9CC /* Pods_Mart.framework */ = {isa = PBXFileReference; explicitFileType = wrapper.framework; includeInIndex = 0; path = Pods_Mart.framework; sourceTree = BUILT_PRODUCTS_DIR; };
		859B5C7F4A3B757E0D71E753 /* Pods-Mart.debug.xcconfig */ = {isa = PBXFileReference; includeInIndex = 1; lastKnownFileType = text.xcconfig; name = "Pods-Mart.debug.xcconfig"; path = "Pods/Target Support Files/Pods-Mart/Pods-Mart.debug.xcconfig"; sourceTree = "<group>"; };
		A77031DB33F54A4F30B71B7E /* Pods-Mart.release.xcconfig */ = {isa = PBXFileReference; includeInIndex = 1; lastKnownFileType = text.xcconfig; name = "Pods-Mart.release.xcconfig"; path = "Pods/Target Support Files/Pods-Mart/Pods-Mart.release.xcconfig"; sourceTree = "<group>"; };
/* End PBXFileReference section */

/* Begin PBXFrameworksBuildPhase section */
		3E0931072143690A00C24B5A /* Frameworks */ = {
			isa = PBXFrameworksBuildPhase;
			buildActionMask = 2147483647;
			files = (
				CF4083D55A0946CEACAC032D /* Pods_Mart.framework in Frameworks */,
			);
			runOnlyForDeploymentPostprocessing = 0;
		};
		3E09311E2143690C00C24B5A /* Frameworks */ = {
			isa = PBXFrameworksBuildPhase;
			buildActionMask = 2147483647;
			files = (
			);
			runOnlyForDeploymentPostprocessing = 0;
		};
/* End PBXFrameworksBuildPhase section */

/* Begin PBXGroup section */
		16A633DD3DEE086E0C9487C0 /* Frameworks */ = {
			isa = PBXGroup;
			children = (
				4CF7A3202ADAE546B6F4F9CC /* Pods_Mart.framework */,
			);
			name = Frameworks;
			sourceTree = "<group>";
		};
		3E0931012143690A00C24B5A = {
			isa = PBXGroup;
			children = (
				3E09310C2143690A00C24B5A /* Mart */,
				3E0931242143690C00C24B5A /* MartTests */,
				3E09310B2143690A00C24B5A /* Products */,
				6969C300F4980681C9C8754C /* Pods */,
				16A633DD3DEE086E0C9487C0 /* Frameworks */,
			);
			sourceTree = "<group>";
		};
		3E09310B2143690A00C24B5A /* Products */ = {
			isa = PBXGroup;
			children = (
				3E09310A2143690A00C24B5A /* Mart.app */,
				3E0931212143690C00C24B5A /* MartTests.xctest */,
			);
			name = Products;
			sourceTree = "<group>";
		};
		3E09310C2143690A00C24B5A /* Mart */ = {
			isa = PBXGroup;
			children = (
				3E09310D2143690A00C24B5A /* AppDelegate.swift */,
				3E0931112143690A00C24B5A /* Main.storyboard */,
				3E0931192143690B00C24B5A /* LaunchScreen.storyboard */,
				3E09313521437A9000C24B5A /* FE */,
				3E09313621437ACA00C24B5A /* BE */,
				3E0931172143690B00C24B5A /* Assets.xcassets */,
				3E09311C2143690B00C24B5A /* Info.plist */,
				3E0931142143690A00C24B5A /* Mart.xcdatamodeld */,
			);
			path = Mart;
			sourceTree = "<group>";
		};
		3E0931242143690C00C24B5A /* MartTests */ = {
			isa = PBXGroup;
			children = (
				3E0931252143690C00C24B5A /* MartTests.swift */,
				3E0931272143690C00C24B5A /* Info.plist */,
			);
			path = MartTests;
			sourceTree = "<group>";
		};
		3E09313521437A9000C24B5A /* FE */ = {
			isa = PBXGroup;
			children = (
				3E093130214369D200C24B5A /* CollectionCollectionViewController.swift */,
				3E0931322143772300C24B5A /* ItemDisplayCell.swift */,
				3EF7C95D2143DD8A002CFD1B /* ItemDetailsViewController.swift */,
			);
			path = FE;
			sourceTree = "<group>";
		};
		3E09313621437ACA00C24B5A /* BE */ = {
			isa = PBXGroup;
			children = (
				3E09313721437AF700C24B5A /* ProductModel.swift */,
				3E09313921437B5B00C24B5A /* APIHandler.swift */,
			);
			path = BE;
			sourceTree = "<group>";
		};
		6969C300F4980681C9C8754C /* Pods */ = {
			isa = PBXGroup;
			children = (
				859B5C7F4A3B757E0D71E753 /* Pods-Mart.debug.xcconfig */,
				A77031DB33F54A4F30B71B7E /* Pods-Mart.release.xcconfig */,
			);
			name = Pods;
			sourceTree = "<group>";
		};
/* End PBXGroup section */

/* Begin PBXNativeTarget section */
		3E0931092143690A00C24B5A /* Mart */ = {
			isa = PBXNativeTarget;
			buildConfigurationList = 3E09312A2143690C00C24B5A /* Build configuration list for PBXNativeTarget "Mart" */;
			buildPhases = (
				8547832E41E9C5CFCB267ADF /* [CP] Check Pods Manifest.lock */,
				3E0931062143690A00C24B5A /* Sources */,
				3E0931072143690A00C24B5A /* Frameworks */,
				3E0931082143690A00C24B5A /* Resources */,
				28CA6878D6597771CE01F739 /* [CP] Embed Pods Frameworks */,
				AD802B36EE28AE94EC6EDDDB /* [CP] Copy Pods Resources */,
			);
			buildRules = (
			);
			dependencies = (
			);
			name = Mart;
			productName = Mart;
			productReference = 3E09310A2143690A00C24B5A /* Mart.app */;
			productType = "com.apple.product-type.application";
		};
		3E0931202143690C00C24B5A /* MartTests */ = {
			isa = PBXNativeTarget;
			buildConfigurationList = 3E09312D2143690C00C24B5A /* Build configuration list for PBXNativeTarget "MartTests" */;
			buildPhases = (
				3E09311D2143690C00C24B5A /* Sources */,
				3E09311E2143690C00C24B5A /* Frameworks */,
				3E09311F2143690C00C24B5A /* Resources */,
			);
			buildRules = (
			);
			dependencies = (
				3E0931232143690C00C24B5A /* PBXTargetDependency */,
			);
			name = MartTests;
			productName = MartTests;
			productReference = 3E0931212143690C00C24B5A /* MartTests.xctest */;
			productType = "com.apple.product-type.bundle.unit-test";
		};
/* End PBXNativeTarget section */

/* Begin PBXProject section */
		3E0931022143690A00C24B5A /* Project object */ = {
			isa = PBXProject;
			attributes = {
				LastSwiftUpdateCheck = 0930;
				LastUpgradeCheck = 0930;
				ORGANIZATIONNAME = "Genie Mae Lorena Edera";
				TargetAttributes = {
					3E0931092143690A00C24B5A = {
						CreatedOnToolsVersion = 9.3.1;
					};
					3E0931202143690C00C24B5A = {
						CreatedOnToolsVersion = 9.3.1;
						TestTargetID = 3E0931092143690A00C24B5A;
					};
				};
			};
			buildConfigurationList = 3E0931052143690A00C24B5A /* Build configuration list for PBXProject "Mart" */;
			compatibilityVersion = "Xcode 9.3";
			developmentRegion = en;
			hasScannedForEncodings = 0;
			knownRegions = (
				en,
				Base,
			);
			mainGroup = 3E0931012143690A00C24B5A;
			productRefGroup = 3E09310B2143690A00C24B5A /* Products */;
			projectDirPath = "";
			projectRoot = "";
			targets = (
				3E0931092143690A00C24B5A /* Mart */,
				3E0931202143690C00C24B5A /* MartTests */,
			);
		};
/* End PBXProject section */

/* Begin PBXResourcesBuildPhase section */
		3E0931082143690A00C24B5A /* Resources */ = {
			isa = PBXResourcesBuildPhase;
			buildActionMask = 2147483647;
			files = (
				3E09311B2143690B00C24B5A /* LaunchScreen.storyboard in Resources */,
				3E0931182143690B00C24B5A /* Assets.xcassets in Resources */,
				3E0931132143690A00C24B5A /* Main.storyboard in Resources */,
			);
			runOnlyForDeploymentPostprocessing = 0;
		};
		3E09311F2143690C00C24B5A /* Resources */ = {
			isa = PBXResourcesBuildPhase;
			buildActionMask = 2147483647;
			files = (
			);
			runOnlyForDeploymentPostprocessing = 0;
		};
/* End PBXResourcesBuildPhase section */

/* Begin PBXShellScriptBuildPhase section */
		28CA6878D6597771CE01F739 /* [CP] Embed Pods Frameworks */ = {
			isa = PBXShellScriptBuildPhase;
			buildActionMask = 2147483647;
			files = (
			);
			inputPaths = (
				"${SRCROOT}/Pods/Target Support Files/Pods-Mart/Pods-Mart-frameworks.sh",
				"${BUILT_PRODUCTS_DIR}/Alamofire/Alamofire.framework",
				"${BUILT_PRODUCTS_DIR}/AlamofireImage/AlamofireImage.framework",
				"${BUILT_PRODUCTS_DIR}/SwiftyJSON/SwiftyJSON.framework",
			);
			name = "[CP] Embed Pods Frameworks";
			outputPaths = (
				"${TARGET_BUILD_DIR}/${FRAMEWORKS_FOLDER_PATH}/Alamofire.framework",
				"${TARGET_BUILD_DIR}/${FRAMEWORKS_FOLDER_PATH}/AlamofireImage.framework",
				"${TARGET_BUILD_DIR}/${FRAMEWORKS_FOLDER_PATH}/SwiftyJSON.framework",
			);
			runOnlyForDeploymentPostprocessing = 0;
			shellPath = /bin/sh;
			shellScript = "\"${SRCROOT}/Pods/Target Support Files/Pods-Mart/Pods-Mart-frameworks.sh\"\n";
			showEnvVarsInLog = 0;
		};
		8547832E41E9C5CFCB267ADF /* [CP] Check Pods Manifest.lock */ = {
			isa = PBXShellScriptBuildPhase;
			buildActionMask = 2147483647;
			files = (
			);
			inputPaths = (
				"${PODS_PODFILE_DIR_PATH}/Podfile.lock",
				"${PODS_ROOT}/Manifest.lock",
			);
			name = "[CP] Check Pods Manifest.lock";
			outputPaths = (
				"$(DERIVED_FILE_DIR)/Pods-Mart-checkManifestLockResult.txt",
			);
			runOnlyForDeploymentPostprocessing = 0;
			shellPath = /bin/sh;
			shellScript = "diff \"${PODS_PODFILE_DIR_PATH}/Podfile.lock\" \"${PODS_ROOT}/Manifest.lock\" > /dev/null\nif [ $? != 0 ] ; then\n    # print error to STDERR\n    echo \"error: The sandbox is not in sync with the Podfile.lock. Run 'pod install' or update your CocoaPods installation.\" >&2\n    exit 1\nfi\n# This output is used by Xcode 'outputs' to avoid re-running this script phase.\necho \"SUCCESS\" > \"${SCRIPT_OUTPUT_FILE_0}\"\n";
			showEnvVarsInLog = 0;
		};
		AD802B36EE28AE94EC6EDDDB /* [CP] Copy Pods Resources */ = {
			isa = PBXShellScriptBuildPhase;
			buildActionMask = 2147483647;
			files = (
			);
			inputPaths = (
			);
			name = "[CP] Copy Pods Resources";
			outputPaths = (
			);
			runOnlyForDeploymentPostprocessing = 0;
			shellPath = /bin/sh;
			shellScript = "\"${SRCROOT}/Pods/Target Support Files/Pods-Mart/Pods-Mart-resources.sh\"\n";
			showEnvVarsInLog = 0;
		};
/* End PBXShellScriptBuildPhase section */

/* Begin PBXSourcesBuildPhase section */
		3E0931062143690A00C24B5A /* Sources */ = {
			isa = PBXSourcesBuildPhase;
			buildActionMask = 2147483647;
			files = (
				3E0931162143690A00C24B5A /* Mart.xcdatamodeld in Sources */,
				3E0931332143772300C24B5A /* ItemDisplayCell.swift in Sources */,
				3E093131214369D200C24B5A /* CollectionCollectionViewController.swift in Sources */,
				3E09313A21437B5B00C24B5A /* APIHandler.swift in Sources */,
				3E09310E2143690A00C24B5A /* AppDelegate.swift in Sources */,
				3EF7C95E2143DD8A002CFD1B /* ItemDetailsViewController.swift in Sources */,
				3E09313821437AF700C24B5A /* ProductModel.swift in Sources */,
			);
			runOnlyForDeploymentPostprocessing = 0;
		};
		3E09311D2143690C00C24B5A /* Sources */ = {
			isa = PBXSourcesBuildPhase;
			buildActionMask = 2147483647;
			files = (
				3E0931262143690C00C24B5A /* MartTests.swift in Sources */,
			);
			runOnlyForDeploymentPostprocessing = 0;
		};
/* End PBXSourcesBuildPhase section */

/* Begin PBXTargetDependency section */
		3E0931232143690C00C24B5A /* PBXTargetDependency */ = {
			isa = PBXTargetDependency;
			target = 3E0931092143690A00C24B5A /* Mart */;
			targetProxy = 3E0931222143690C00C24B5A /* PBXContainerItemProxy */;
		};
/* End PBXTargetDependency section */

/* Begin PBXVariantGroup section */
		3E0931112143690A00C24B5A /* Main.storyboard */ = {
			isa = PBXVariantGroup;
			children = (
				3E0931122143690A00C24B5A /* Base */,
			);
			name = Main.storyboard;
			sourceTree = "<group>";
		};
		3E0931192143690B00C24B5A /* LaunchScreen.storyboard */ = {
			isa = PBXVariantGroup;
			children = (
				3E09311A2143690B00C24B5A /* Base */,
			);
			name = LaunchScreen.storyboard;
			sourceTree = "<group>";
		};
/* End PBXVariantGroup section */

/* Begin XCBuildConfiguration section */
		3E0931282143690C00C24B5A /* Debug */ = {
			isa = XCBuildConfiguration;
			buildSettings = {
				ALWAYS_SEARCH_USER_PATHS = NO;
				CLANG_ANALYZER_NONNULL = YES;
				CLANG_ANALYZER_NUMBER_OBJECT_CONVERSION = YES_AGGRESSIVE;
				CLANG_CXX_LANGUAGE_STANDARD = "gnu++14";
				CLANG_CXX_LIBRARY = "libc++";
				CLANG_ENABLE_MODULES = YES;
				CLANG_ENABLE_OBJC_ARC = YES;
				CLANG_ENABLE_OBJC_WEAK = YES;
				CLANG_WARN_BLOCK_CAPTURE_AUTORELEASING = YES;
				CLANG_WARN_BOOL_CONVERSION = YES;
				CLANG_WARN_COMMA = YES;
				CLANG_WARN_CONSTANT_CONVERSION = YES;
				CLANG_WARN_DEPRECATED_OBJC_IMPLEMENTATIONS = YES;
				CLANG_WARN_DIRECT_OBJC_ISA_USAGE = YES_ERROR;
				CLANG_WARN_DOCUMENTATION_COMMENTS = YES;
				CLANG_WARN_EMPTY_BODY = YES;
				CLANG_WARN_ENUM_CONVERSION = YES;
				CLANG_WARN_INFINITE_RECURSION = YES;
				CLANG_WARN_INT_CONVERSION = YES;
				CLANG_WARN_NON_LITERAL_NULL_CONVERSION = YES;
				CLANG_WARN_OBJC_IMPLICIT_RETAIN_SELF = YES;
				CLANG_WARN_OBJC_LITERAL_CONVERSION = YES;
				CLANG_WARN_OBJC_ROOT_CLASS = YES_ERROR;
				CLANG_WARN_RANGE_LOOP_ANALYSIS = YES;
				CLANG_WARN_STRICT_PROTOTYPES = YES;
				CLANG_WARN_SUSPICIOUS_MOVE = YES;
				CLANG_WARN_UNGUARDED_AVAILABILITY = YES_AGGRESSIVE;
				CLANG_WARN_UNREACHABLE_CODE = YES;
				CLANG_WARN__DUPLICATE_METHOD_MATCH = YES;
				CODE_SIGN_IDENTITY = "iPhone Developer";
				COPY_PHASE_STRIP = NO;
				DEBUG_INFORMATION_FORMAT = dwarf;
				ENABLE_STRICT_OBJC_MSGSEND = YES;
				ENABLE_TESTABILITY = YES;
				GCC_C_LANGUAGE_STANDARD = gnu11;
				GCC_DYNAMIC_NO_PIC = NO;
				GCC_NO_COMMON_BLOCKS = YES;
				GCC_OPTIMIZATION_LEVEL = 0;
				GCC_PREPROCESSOR_DEFINITIONS = (
					"DEBUG=1",
					"$(inherited)",
				);
				GCC_WARN_64_TO_32_BIT_CONVERSION = YES;
				GCC_WARN_ABOUT_RETURN_TYPE = YES_ERROR;
				GCC_WARN_UNDECLARED_SELECTOR = YES;
				GCC_WARN_UNINITIALIZED_AUTOS = YES_AGGRESSIVE;
				GCC_WARN_UNUSED_FUNCTION = YES;
				GCC_WARN_UNUSED_VARIABLE = YES;
				IPHONEOS_DEPLOYMENT_TARGET = 9.0;
				MTL_ENABLE_DEBUG_INFO = YES;
				ONLY_ACTIVE_ARCH = YES;
				SDKROOT = iphoneos;
				SWIFT_ACTIVE_COMPILATION_CONDITIONS = DEBUG;
				SWIFT_OPTIMIZATION_LEVEL = "-Onone";
			};
			name = Debug;
		};
		3E0931292143690C00C24B5A /* Release */ = {
			isa = XCBuildConfiguration;
			buildSettings = {
				ALWAYS_SEARCH_USER_PATHS = NO;
				CLANG_ANALYZER_NONNULL = YES;
				CLANG_ANALYZER_NUMBER_OBJECT_CONVERSION = YES_AGGRESSIVE;
				CLANG_CXX_LANGUAGE_STANDARD = "gnu++14";
				CLANG_CXX_LIBRARY = "libc++";
				CLANG_ENABLE_MODULES = YES;
				CLANG_ENABLE_OBJC_ARC = YES;
				CLANG_ENABLE_OBJC_WEAK = YES;
				CLANG_WARN_BLOCK_CAPTURE_AUTORELEASING = YES;
				CLANG_WARN_BOOL_CONVERSION = YES;
				CLANG_WARN_COMMA = YES;
				CLANG_WARN_CONSTANT_CONVERSION = YES;
				CLANG_WARN_DEPRECATED_OBJC_IMPLEMENTATIONS = YES;
				CLANG_WARN_DIRECT_OBJC_ISA_USAGE = YES_ERROR;
				CLANG_WARN_DOCUMENTATION_COMMENTS = YES;
				CLANG_WARN_EMPTY_BODY = YES;
				CLANG_WARN_ENUM_CONVERSION = YES;
				CLANG_WARN_INFINITE_RECURSION = YES;
				CLANG_WARN_INT_CONVERSION = YES;
				CLANG_WARN_NON_LITERAL_NULL_CONVERSION = YES;
				CLANG_WARN_OBJC_IMPLICIT_RETAIN_SELF = YES;
				CLANG_WARN_OBJC_LITERAL_CONVERSION = YES;
				CLANG_WARN_OBJC_ROOT_CLASS = YES_ERROR;
				CLANG_WARN_RANGE_LOOP_ANALYSIS = YES;
				CLANG_WARN_STRICT_PROTOTYPES = YES;
				CLANG_WARN_SUSPICIOUS_MOVE = YES;
				CLANG_WARN_UNGUARDED_AVAILABILITY = YES_AGGRESSIVE;
				CLANG_WARN_UNREACHABLE_CODE = YES;
				CLANG_WARN__DUPLICATE_METHOD_MATCH = YES;
				CODE_SIGN_IDENTITY = "iPhone Developer";
				COPY_PHASE_STRIP = NO;
				DEBUG_INFORMATION_FORMAT = "dwarf-with-dsym";
				ENABLE_NS_ASSERTIONS = NO;
				ENABLE_STRICT_OBJC_MSGSEND = YES;
				GCC_C_LANGUAGE_STANDARD = gnu11;
				GCC_NO_COMMON_BLOCKS = YES;
				GCC_WARN_64_TO_32_BIT_CONVERSION = YES;
				GCC_WARN_ABOUT_RETURN_TYPE = YES_ERROR;
				GCC_WARN_UNDECLARED_SELECTOR = YES;
				GCC_WARN_UNINITIALIZED_AUTOS = YES_AGGRESSIVE;
				GCC_WARN_UNUSED_FUNCTION = YES;
				GCC_WARN_UNUSED_VARIABLE = YES;
				IPHONEOS_DEPLOYMENT_TARGET = 9.0;
				MTL_ENABLE_DEBUG_INFO = NO;
				SDKROOT = iphoneos;
				SWIFT_COMPILATION_MODE = wholemodule;
				SWIFT_OPTIMIZATION_LEVEL = "-O";
				VALIDATE_PRODUCT = YES;
			};
			name = Release;
		};
		3E09312B2143690C00C24B5A /* Debug */ = {
			isa = XCBuildConfiguration;
			baseConfigurationReference = 859B5C7F4A3B757E0D71E753 /* Pods-Mart.debug.xcconfig */;
			buildSettings = {
				ASSETCATALOG_COMPILER_APPICON_NAME = AppIcon;
				CODE_SIGN_STYLE = Automatic;
				DEVELOPMENT_TEAM = HXB7HKGLGZ;
				INFOPLIST_FILE = Mart/Info.plist;
				IPHONEOS_DEPLOYMENT_TARGET = 9.0;
				LD_RUNPATH_SEARCH_PATHS = (
					"$(inherited)",
					"@executable_path/Frameworks",
				);
				PRODUCT_BUNDLE_IDENTIFIER = genie.Mart;
				PRODUCT_NAME = "$(TARGET_NAME)";
				SWIFT_VERSION = 4.0;
				TARGETED_DEVICE_FAMILY = "1,2";
			};
			name = Debug;
		};
		3E09312C2143690C00C24B5A /* Release */ = {
			isa = XCBuildConfiguration;
			baseConfigurationReference = A77031DB33F54A4F30B71B7E /* Pods-Mart.release.xcconfig */;
			buildSettings = {
				ASSETCATALOG_COMPILER_APPICON_NAME = AppIcon;
				CODE_SIGN_STYLE = Automatic;
				DEVELOPMENT_TEAM = HXB7HKGLGZ;
				INFOPLIST_FILE = Mart/Info.plist;
				IPHONEOS_DEPLOYMENT_TARGET = 9.0;
				LD_RUNPATH_SEARCH_PATHS = (
					"$(inherited)",
					"@executable_path/Frameworks",
				);
				PRODUCT_BUNDLE_IDENTIFIER = genie.Mart;
				PRODUCT_NAME = "$(TARGET_NAME)";
				SWIFT_VERSION = 4.0;
				TARGETED_DEVICE_FAMILY = "1,2";
			};
			name = Release;
		};
		3E09312E2143690C00C24B5A /* Debug */ = {
			isa = XCBuildConfiguration;
			buildSettings = {
				ALWAYS_EMBED_SWIFT_STANDARD_LIBRARIES = YES;
				BUNDLE_LOADER = "$(TEST_HOST)";
				CODE_SIGN_STYLE = Automatic;
				DEVELOPMENT_TEAM = HXB7HKGLGZ;
				INFOPLIST_FILE = MartTests/Info.plist;
				LD_RUNPATH_SEARCH_PATHS = (
					"$(inherited)",
					"@executable_path/Frameworks",
					"@loader_path/Frameworks",
				);
				PRODUCT_BUNDLE_IDENTIFIER = genie.MartTests;
				PRODUCT_NAME = "$(TARGET_NAME)";
				SWIFT_VERSION = 4.0;
				TARGETED_DEVICE_FAMILY = "1,2";
				TEST_HOST = "$(BUILT_PRODUCTS_DIR)/Mart.app/Mart";
			};
			name = Debug;
		};
		3E09312F2143690C00C24B5A /* Release */ = {
			isa = XCBuildConfiguration;
			buildSettings = {
				ALWAYS_EMBED_SWIFT_STANDARD_LIBRARIES = YES;
				BUNDLE_LOADER = "$(TEST_HOST)";
				CODE_SIGN_STYLE = Automatic;
				DEVELOPMENT_TEAM = HXB7HKGLGZ;
				INFOPLIST_FILE = MartTests/Info.plist;
				LD_RUNPATH_SEARCH_PATHS = (
					"$(inherited)",
					"@executable_path/Frameworks",
					"@loader_path/Frameworks",
				);
				PRODUCT_BUNDLE_IDENTIFIER = genie.MartTests;
				PRODUCT_NAME = "$(TARGET_NAME)";
				SWIFT_VERSION = 4.0;
				TARGETED_DEVICE_FAMILY = "1,2";
				TEST_HOST = "$(BUILT_PRODUCTS_DIR)/Mart.app/Mart";
			};
			name = Release;
		};
/* End XCBuildConfiguration section */

/* Begin XCConfigurationList section */
		3E0931052143690A00C24B5A /* Build configuration list for PBXProject "Mart" */ = {
			isa = XCConfigurationList;
			buildConfigurations = (
				3E0931282143690C00C24B5A /* Debug */,
				3E0931292143690C00C24B5A /* Release */,
			);
			defaultConfigurationIsVisible = 0;
			defaultConfigurationName = Release;
		};
		3E09312A2143690C00C24B5A /* Build configuration list for PBXNativeTarget "Mart" */ = {
			isa = XCConfigurationList;
			buildConfigurations = (
				3E09312B2143690C00C24B5A /* Debug */,
				3E09312C2143690C00C24B5A /* Release */,
			);
			defaultConfigurationIsVisible = 0;
			defaultConfigurationName = Release;
		};
		3E09312D2143690C00C24B5A /* Build configuration list for PBXNativeTarget "MartTests" */ = {
			isa = XCConfigurationList;
			buildConfigurations = (
				3E09312E2143690C00C24B5A /* Debug */,
				3E09312F2143690C00C24B5A /* Release */,
			);
			defaultConfigurationIsVisible = 0;
			defaultConfigurationName = Release;
		};
/* End XCConfigurationList section */

/* Begin XCVersionGroup section */
		3E0931142143690A00C24B5A /* Mart.xcdatamodeld */ = {
			isa = XCVersionGroup;
			children = (
				3E0931152143690A00C24B5A /* Mart.xcdatamodel */,
			);
			currentVersion = 3E0931152143690A00C24B5A /* Mart.xcdatamodel */;
			path = Mart.xcdatamodeld;
			sourceTree = "<group>";
			versionGroupType = wrapper.xcdatamodel;
		};
/* End XCVersionGroup section */
	};
	rootObject = 3E0931022143690A00C24B5A /* Project object */;
}
